
Microsoft Visual Studio Solution File, Format Version 12.00
# Visual Studio Version 17
VisualStudioVersion = 17.14.36221.1 d17.14
MinimumVisualStudioVersion = 10.0.40219.1
Project("{FAE04EC0-301F-11D3-BF4B-00C04F79EFBC}") = "FintrackAPI", "FintrackAPI\FintrackAPI.csproj", "{6AD90FF1-A6BB-4857-A539-7FFC586DD4C8}"
EndProject
Global
	GlobalSection(SolutionConfigurationPlatforms) = preSolution
		Debug|Any CPU = Debug|Any CPU
		Release|Any CPU = Release|Any CPU
	EndGlobalSection
	GlobalSection(ProjectConfigurationPlatforms) = postSolution
		{6AD90FF1-A6BB-4857-A539-7FFC586DD4C8}.Debug|Any CPU.ActiveCfg = Debug|Any CPU
		{6AD90FF1-A6BB-4857-A539-7FFC586DD4C8}.Debug|Any CPU.Build.0 = Debug|Any CPU
		{6AD90FF1-A6BB-4857-A539-7FFC586DD4C8}.Release|Any CPU.ActiveCfg = Release|Any CPU
		{6AD90FF1-A6BB-4857-A539-7FFC586DD4C8}.Release|Any CPU.Build.0 = Release|Any CPU
	EndGlobalSection
	GlobalSection(SolutionProperties) = preSolution
		HideSolutionNode = FALSE
	EndGlobalSection
	GlobalSection(ExtensibilityGlobals) = postSolution
		SolutionGuid = {5FC1F0EC-C3C5-403D-B581-B3232D9BB5D7}
	EndGlobalSection
EndGlobal
